// !$*UTF8*$!
{
	archiveVersion = 1;
	classes = {
	};
	objectVersion = 56;
	objects = {

/* Begin PBXBuildFile section */
		368C4CDB29D9A6DA00C29C03 /* AppDelegate.swift in Sources */ = {isa = PBXBuildFile; fileRef = 368C4CDA29D9A6DA00C29C03 /* AppDelegate.swift */; };
		368C4CDD29D9A6DA00C29C03 /* SceneDelegate.swift in Sources */ = {isa = PBXBuildFile; fileRef = 368C4CDC29D9A6DA00C29C03 /* SceneDelegate.swift */; };
		368C4CE429D9A6DC00C29C03 /* Assets.xcassets in Resources */ = {isa = PBXBuildFile; fileRef = 368C4CE329D9A6DC00C29C03 /* Assets.xcassets */; };
		368C4CE729D9A6DC00C29C03 /* LaunchScreen.storyboard in Resources */ = {isa = PBXBuildFile; fileRef = 368C4CE529D9A6DC00C29C03 /* LaunchScreen.storyboard */; };
		368C4CF329D9A83100C29C03 /* LoginView.swift in Sources */ = {isa = PBXBuildFile; fileRef = 368C4CF229D9A83100C29C03 /* LoginView.swift */; };
		368C4CF529D9ACFC00C29C03 /* LoginViewController.swift in Sources */ = {isa = PBXBuildFile; fileRef = 368C4CF429D9ACFC00C29C03 /* LoginViewController.swift */; };
		368C4CFC29D9BC3800C29C03 /* LoginMessage.swift in Sources */ = {isa = PBXBuildFile; fileRef = 368C4CFB29D9BC3800C29C03 /* LoginMessage.swift */; };
		368C4CFE29D9BC5F00C29C03 /* LoginService.swift in Sources */ = {isa = PBXBuildFile; fileRef = 368C4CFD29D9BC5F00C29C03 /* LoginService.swift */; };
		368C4D0129D9BDB000C29C03 /* LoginValidationUseCase.swift in Sources */ = {isa = PBXBuildFile; fileRef = 368C4D0029D9BDB000C29C03 /* LoginValidationUseCase.swift */; };
		368C4D0529D9D15700C29C03 /* LoginHTTPClient.swift in Sources */ = {isa = PBXBuildFile; fileRef = 368C4D0429D9D15700C29C03 /* LoginHTTPClient.swift */; };
		368C4D0729D9D19100C29C03 /* URLSessionHTTPClient.swift in Sources */ = {isa = PBXBuildFile; fileRef = 368C4D0629D9D19100C29C03 /* URLSessionHTTPClient.swift */; };
		368C4D0929D9DE2200C29C03 /* RemoteLoginMessage.swift in Sources */ = {isa = PBXBuildFile; fileRef = 368C4D0829D9DE2200C29C03 /* RemoteLoginMessage.swift */; };
		368C4D0B29D9DE5D00C29C03 /* LoginRequestPolicy.swift in Sources */ = {isa = PBXBuildFile; fileRef = 368C4D0A29D9DE5D00C29C03 /* LoginRequestPolicy.swift */; };
		368C4D0D29D9DEB500C29C03 /* LoginMessageMapper.swift in Sources */ = {isa = PBXBuildFile; fileRef = 368C4D0C29D9DEB500C29C03 /* LoginMessageMapper.swift */; };
		368C4D1229D9E09A00C29C03 /* UsersInfoLoader.swift in Sources */ = {isa = PBXBuildFile; fileRef = 368C4D1129D9E09A00C29C03 /* UsersInfoLoader.swift */; };
		368C4D1429D9E17400C29C03 /* UserInfo.swift in Sources */ = {isa = PBXBuildFile; fileRef = 368C4D1329D9E17400C29C03 /* UserInfo.swift */; };
		368C4D1729D9E25800C29C03 /* HomeViewController.swift in Sources */ = {isa = PBXBuildFile; fileRef = 368C4D1629D9E25800C29C03 /* HomeViewController.swift */; };
		368C4D1929D9ED6A00C29C03 /* UserInfoCell.swift in Sources */ = {isa = PBXBuildFile; fileRef = 368C4D1829D9ED6A00C29C03 /* UserInfoCell.swift */; };
		368C4D1C29D9EDCC00C29C03 /* RemoteUserInfoLoader.swift in Sources */ = {isa = PBXBuildFile; fileRef = 368C4D1B29D9EDCC00C29C03 /* RemoteUserInfoLoader.swift */; };
/* End PBXBuildFile section */

/* Begin PBXFileReference section */
		368C4CD729D9A6DA00C29C03 /* SimpleLogin.app */ = {isa = PBXFileReference; explicitFileType = wrapper.application; includeInIndex = 0; path = SimpleLogin.app; sourceTree = BUILT_PRODUCTS_DIR; };
		368C4CDA29D9A6DA00C29C03 /* AppDelegate.swift */ = {isa = PBXFileReference; lastKnownFileType = sourcecode.swift; path = AppDelegate.swift; sourceTree = "<group>"; };
		368C4CDC29D9A6DA00C29C03 /* SceneDelegate.swift */ = {isa = PBXFileReference; lastKnownFileType = sourcecode.swift; path = SceneDelegate.swift; sourceTree = "<group>"; };
		368C4CE329D9A6DC00C29C03 /* Assets.xcassets */ = {isa = PBXFileReference; lastKnownFileType = folder.assetcatalog; path = Assets.xcassets; sourceTree = "<group>"; };
		368C4CE629D9A6DC00C29C03 /* Base */ = {isa = PBXFileReference; lastKnownFileType = file.storyboard; name = Base; path = Base.lproj/LaunchScreen.storyboard; sourceTree = "<group>"; };
		368C4CE829D9A6DC00C29C03 /* Info.plist */ = {isa = PBXFileReference; lastKnownFileType = text.plist.xml; path = Info.plist; sourceTree = "<group>"; };
		368C4CF229D9A83100C29C03 /* LoginView.swift */ = {isa = PBXFileReference; lastKnownFileType = sourcecode.swift; path = LoginView.swift; sourceTree = "<group>"; };
		368C4CF429D9ACFC00C29C03 /* LoginViewController.swift */ = {isa = PBXFileReference; lastKnownFileType = sourcecode.swift; path = LoginViewController.swift; sourceTree = "<group>"; };
		368C4CFB29D9BC3800C29C03 /* LoginMessage.swift */ = {isa = PBXFileReference; lastKnownFileType = sourcecode.swift; path = LoginMessage.swift; sourceTree = "<group>"; };
		368C4CFD29D9BC5F00C29C03 /* LoginService.swift */ = {isa = PBXFileReference; lastKnownFileType = sourcecode.swift; path = LoginService.swift; sourceTree = "<group>"; };
		368C4D0029D9BDB000C29C03 /* LoginValidationUseCase.swift */ = {isa = PBXFileReference; lastKnownFileType = sourcecode.swift; path = LoginValidationUseCase.swift; sourceTree = "<group>"; };
		368C4D0429D9D15700C29C03 /* LoginHTTPClient.swift */ = {isa = PBXFileReference; lastKnownFileType = sourcecode.swift; path = LoginHTTPClient.swift; sourceTree = "<group>"; };
		368C4D0629D9D19100C29C03 /* URLSessionHTTPClient.swift */ = {isa = PBXFileReference; lastKnownFileType = sourcecode.swift; path = URLSessionHTTPClient.swift; sourceTree = "<group>"; };
		368C4D0829D9DE2200C29C03 /* RemoteLoginMessage.swift */ = {isa = PBXFileReference; lastKnownFileType = sourcecode.swift; path = RemoteLoginMessage.swift; sourceTree = "<group>"; };
		368C4D0A29D9DE5D00C29C03 /* LoginRequestPolicy.swift */ = {isa = PBXFileReference; lastKnownFileType = sourcecode.swift; path = LoginRequestPolicy.swift; sourceTree = "<group>"; };
		368C4D0C29D9DEB500C29C03 /* LoginMessageMapper.swift */ = {isa = PBXFileReference; lastKnownFileType = sourcecode.swift; path = LoginMessageMapper.swift; sourceTree = "<group>"; };
		368C4D1129D9E09A00C29C03 /* UsersInfoLoader.swift */ = {isa = PBXFileReference; lastKnownFileType = sourcecode.swift; path = UsersInfoLoader.swift; sourceTree = "<group>"; };
		368C4D1329D9E17400C29C03 /* UserInfo.swift */ = {isa = PBXFileReference; lastKnownFileType = sourcecode.swift; path = UserInfo.swift; sourceTree = "<group>"; };
		368C4D1629D9E25800C29C03 /* HomeViewController.swift */ = {isa = PBXFileReference; lastKnownFileType = sourcecode.swift; path = HomeViewController.swift; sourceTree = "<group>"; };
		368C4D1829D9ED6A00C29C03 /* UserInfoCell.swift */ = {isa = PBXFileReference; lastKnownFileType = sourcecode.swift; path = UserInfoCell.swift; sourceTree = "<group>"; };
		368C4D1B29D9EDCC00C29C03 /* RemoteUserInfoLoader.swift */ = {isa = PBXFileReference; lastKnownFileType = sourcecode.swift; path = RemoteUserInfoLoader.swift; sourceTree = "<group>"; };
/* End PBXFileReference section */

/* Begin PBXFrameworksBuildPhase section */
		368C4CD429D9A6DA00C29C03 /* Frameworks */ = {
			isa = PBXFrameworksBuildPhase;
			buildActionMask = 2147483647;
			files = (
			);
			runOnlyForDeploymentPostprocessing = 0;
		};
/* End PBXFrameworksBuildPhase section */

/* Begin PBXGroup section */
		368C4CCE29D9A6DA00C29C03 = {
			isa = PBXGroup;
			children = (
				368C4CD929D9A6DA00C29C03 /* SimpleLogin */,
				368C4CD829D9A6DA00C29C03 /* Products */,
			);
			sourceTree = "<group>";
		};
		368C4CD829D9A6DA00C29C03 /* Products */ = {
			isa = PBXGroup;
			children = (
				368C4CD729D9A6DA00C29C03 /* SimpleLogin.app */,
			);
			name = Products;
			sourceTree = "<group>";
		};
		368C4CD929D9A6DA00C29C03 /* SimpleLogin */ = {
			isa = PBXGroup;
			children = (
				368C4D0F29D9E01300C29C03 /* Home */,
				368C4CEE29D9A7C700C29C03 /* Login */,
				368C4CDA29D9A6DA00C29C03 /* AppDelegate.swift */,
				368C4CDC29D9A6DA00C29C03 /* SceneDelegate.swift */,
				368C4CE329D9A6DC00C29C03 /* Assets.xcassets */,
				368C4CE529D9A6DC00C29C03 /* LaunchScreen.storyboard */,
				368C4CE829D9A6DC00C29C03 /* Info.plist */,
			);
			path = SimpleLogin;
			sourceTree = "<group>";
		};
		368C4CEE29D9A7C700C29C03 /* Login */ = {
			isa = PBXGroup;
			children = (
				368C4CFF29D9BDA000C29C03 /* API */,
				368C4CFA29D9BBA200C29C03 /* Feature */,
				368C4CEF29D9A7DB00C29C03 /* Presentation */,
			);
			path = Login;
			sourceTree = "<group>";
		};
		368C4CEF29D9A7DB00C29C03 /* Presentation */ = {
			isa = PBXGroup;
			children = (
				368C4CF229D9A83100C29C03 /* LoginView.swift */,
				368C4CF429D9ACFC00C29C03 /* LoginViewController.swift */,
			);
			path = Presentation;
			sourceTree = "<group>";
		};
		368C4CFA29D9BBA200C29C03 /* Feature */ = {
			isa = PBXGroup;
			children = (
				368C4CFB29D9BC3800C29C03 /* LoginMessage.swift */,
				368C4CFD29D9BC5F00C29C03 /* LoginService.swift */,
			);
			path = Feature;
			sourceTree = "<group>";
		};
		368C4CFF29D9BDA000C29C03 /* API */ = {
			isa = PBXGroup;
			children = (
				368C4D0029D9BDB000C29C03 /* LoginValidationUseCase.swift */,
				368C4D0429D9D15700C29C03 /* LoginHTTPClient.swift */,
				368C4D0629D9D19100C29C03 /* URLSessionHTTPClient.swift */,
				368C4D0829D9DE2200C29C03 /* RemoteLoginMessage.swift */,
				368C4D0A29D9DE5D00C29C03 /* LoginRequestPolicy.swift */,
				368C4D0C29D9DEB500C29C03 /* LoginMessageMapper.swift */,
			);
			path = API;
			sourceTree = "<group>";
		};
		368C4D0F29D9E01300C29C03 /* Home */ = {
			isa = PBXGroup;
			children = (
				368C4D1A29D9EDB300C29C03 /* API */,
				368C4D1029D9E02700C29C03 /* Feature */,
				368C4D1529D9E22F00C29C03 /* Presentation */,
			);
			path = Home;
			sourceTree = "<group>";
		};
		368C4D1029D9E02700C29C03 /* Feature */ = {
			isa = PBXGroup;
			children = (
				368C4D1129D9E09A00C29C03 /* UsersInfoLoader.swift */,
				368C4D1329D9E17400C29C03 /* UserInfo.swift */,
			);
			path = Feature;
			sourceTree = "<group>";
		};
		368C4D1529D9E22F00C29C03 /* Presentation */ = {
			isa = PBXGroup;
			children = (
				368C4D1629D9E25800C29C03 /* HomeViewController.swift */,
				368C4D1829D9ED6A00C29C03 /* UserInfoCell.swift */,
			);
			path = Presentation;
			sourceTree = "<group>";
		};
		368C4D1A29D9EDB300C29C03 /* API */ = {
			isa = PBXGroup;
			children = (
				368C4D1B29D9EDCC00C29C03 /* RemoteUserInfoLoader.swift */,
			);
			path = API;
			sourceTree = "<group>";
		};
/* End PBXGroup section */

/* Begin PBXNativeTarget section */
		368C4CD629D9A6DA00C29C03 /* SimpleLogin */ = {
			isa = PBXNativeTarget;
			buildConfigurationList = 368C4CEB29D9A6DC00C29C03 /* Build configuration list for PBXNativeTarget "SimpleLogin" */;
			buildPhases = (
				368C4CD329D9A6DA00C29C03 /* Sources */,
				368C4CD429D9A6DA00C29C03 /* Frameworks */,
				368C4CD529D9A6DA00C29C03 /* Resources */,
			);
			buildRules = (
			);
			dependencies = (
			);
			name = SimpleLogin;
			productName = SimpleLogin;
			productReference = 368C4CD729D9A6DA00C29C03 /* SimpleLogin.app */;
			productType = "com.apple.product-type.application";
		};
/* End PBXNativeTarget section */

/* Begin PBXProject section */
		368C4CCF29D9A6DA00C29C03 /* Project object */ = {
			isa = PBXProject;
			attributes = {
				BuildIndependentTargetsInParallel = 1;
				LastSwiftUpdateCheck = 1420;
				LastUpgradeCheck = 1420;
				TargetAttributes = {
					368C4CD629D9A6DA00C29C03 = {
						CreatedOnToolsVersion = 14.2;
					};
				};
			};
			buildConfigurationList = 368C4CD229D9A6DA00C29C03 /* Build configuration list for PBXProject "SimpleLogin" */;
			compatibilityVersion = "Xcode 14.0";
			developmentRegion = en;
			hasScannedForEncodings = 0;
			knownRegions = (
				en,
				Base,
			);
			mainGroup = 368C4CCE29D9A6DA00C29C03;
			productRefGroup = 368C4CD829D9A6DA00C29C03 /* Products */;
			projectDirPath = "";
			projectRoot = "";
			targets = (
				368C4CD629D9A6DA00C29C03 /* SimpleLogin */,
			);
		};
/* End PBXProject section */

/* Begin PBXResourcesBuildPhase section */
		368C4CD529D9A6DA00C29C03 /* Resources */ = {
			isa = PBXResourcesBuildPhase;
			buildActionMask = 2147483647;
			files = (
				368C4CE729D9A6DC00C29C03 /* LaunchScreen.storyboard in Resources */,
				368C4CE429D9A6DC00C29C03 /* Assets.xcassets in Resources */,
			);
			runOnlyForDeploymentPostprocessing = 0;
		};
/* End PBXResourcesBuildPhase section */

/* Begin PBXSourcesBuildPhase section */
		368C4CD329D9A6DA00C29C03 /* Sources */ = {
			isa = PBXSourcesBuildPhase;
			buildActionMask = 2147483647;
			files = (
				368C4D0529D9D15700C29C03 /* LoginHTTPClient.swift in Sources */,
				368C4D0129D9BDB000C29C03 /* LoginValidationUseCase.swift in Sources */,
				368C4CF529D9ACFC00C29C03 /* LoginViewController.swift in Sources */,
				368C4CFE29D9BC5F00C29C03 /* LoginService.swift in Sources */,
				368C4CDB29D9A6DA00C29C03 /* AppDelegate.swift in Sources */,
				368C4D1729D9E25800C29C03 /* HomeViewController.swift in Sources */,
				368C4D0929D9DE2200C29C03 /* RemoteLoginMessage.swift in Sources */,
				368C4D0D29D9DEB500C29C03 /* LoginMessageMapper.swift in Sources */,
				368C4D1929D9ED6A00C29C03 /* UserInfoCell.swift in Sources */,
				368C4D1229D9E09A00C29C03 /* UsersInfoLoader.swift in Sources */,
				368C4D0B29D9DE5D00C29C03 /* LoginRequestPolicy.swift in Sources */,
				368C4CF329D9A83100C29C03 /* LoginView.swift in Sources */,
				368C4CDD29D9A6DA00C29C03 /* SceneDelegate.swift in Sources */,
				368C4CFC29D9BC3800C29C03 /* LoginMessage.swift in Sources */,
				368C4D1429D9E17400C29C03 /* UserInfo.swift in Sources */,
				368C4D0729D9D19100C29C03 /* URLSessionHTTPClient.swift in Sources */,
				368C4D1C29D9EDCC00C29C03 /* RemoteUserInfoLoader.swift in Sources */,
			);
			runOnlyForDeploymentPostprocessing = 0;
		};
/* End PBXSourcesBuildPhase section */

/* Begin PBXVariantGroup section */
		368C4CE529D9A6DC00C29C03 /* LaunchScreen.storyboard */ = {
			isa = PBXVariantGroup;
			children = (
				368C4CE629D9A6DC00C29C03 /* Base */,
			);
			name = LaunchScreen.storyboard;
			sourceTree = "<group>";
		};
/* End PBXVariantGroup section */

/* Begin XCBuildConfiguration section */
		368C4CE929D9A6DC00C29C03 /* Debug */ = {
			isa = XCBuildConfiguration;
			buildSettings = {
				ALWAYS_SEARCH_USER_PATHS = NO;
				CLANG_ANALYZER_NONNULL = YES;
				CLANG_ANALYZER_NUMBER_OBJECT_CONVERSION = YES_AGGRESSIVE;
				CLANG_CXX_LANGUAGE_STANDARD = "gnu++20";
				CLANG_ENABLE_MODULES = YES;
				CLANG_ENABLE_OBJC_ARC = YES;
				CLANG_ENABLE_OBJC_WEAK = YES;
				CLANG_WARN_BLOCK_CAPTURE_AUTORELEASING = YES;
				CLANG_WARN_BOOL_CONVERSION = YES;
				CLANG_WARN_COMMA = YES;
				CLANG_WARN_CONSTANT_CONVERSION = YES;
				CLANG_WARN_DEPRECATED_OBJC_IMPLEMENTATIONS = YES;
				CLANG_WARN_DIRECT_OBJC_ISA_USAGE = YES_ERROR;
				CLANG_WARN_DOCUMENTATION_COMMENTS = YES;
				CLANG_WARN_EMPTY_BODY = YES;
				CLANG_WARN_ENUM_CONVERSION = YES;
				CLANG_WARN_INFINITE_RECURSION = YES;
				CLANG_WARN_INT_CONVERSION = YES;
				CLANG_WARN_NON_LITERAL_NULL_CONVERSION = YES;
				CLANG_WARN_OBJC_IMPLICIT_RETAIN_SELF = YES;
				CLANG_WARN_OBJC_LITERAL_CONVERSION = YES;
				CLANG_WARN_OBJC_ROOT_CLASS = YES_ERROR;
				CLANG_WARN_QUOTED_INCLUDE_IN_FRAMEWORK_HEADER = YES;
				CLANG_WARN_RANGE_LOOP_ANALYSIS = YES;
				CLANG_WARN_STRICT_PROTOTYPES = YES;
				CLANG_WARN_SUSPICIOUS_MOVE = YES;
				CLANG_WARN_UNGUARDED_AVAILABILITY = YES_AGGRESSIVE;
				CLANG_WARN_UNREACHABLE_CODE = YES;
				CLANG_WARN__DUPLICATE_METHOD_MATCH = YES;
				COPY_PHASE_STRIP = NO;
				DEBUG_INFORMATION_FORMAT = dwarf;
				ENABLE_STRICT_OBJC_MSGSEND = YES;
				ENABLE_TESTABILITY = YES;
				GCC_C_LANGUAGE_STANDARD = gnu11;
				GCC_DYNAMIC_NO_PIC = NO;
				GCC_NO_COMMON_BLOCKS = YES;
				GCC_OPTIMIZATION_LEVEL = 0;
				GCC_PREPROCESSOR_DEFINITIONS = (
					"DEBUG=1",
					"$(inherited)",
				);
				GCC_WARN_64_TO_32_BIT_CONVERSION = YES;
				GCC_WARN_ABOUT_RETURN_TYPE = YES_ERROR;
				GCC_WARN_UNDECLARED_SELECTOR = YES;
				GCC_WARN_UNINITIALIZED_AUTOS = YES_AGGRESSIVE;
				GCC_WARN_UNUSED_FUNCTION = YES;
				GCC_WARN_UNUSED_VARIABLE = YES;
				IPHONEOS_DEPLOYMENT_TARGET = 16.2;
				MTL_ENABLE_DEBUG_INFO = INCLUDE_SOURCE;
				MTL_FAST_MATH = YES;
				ONLY_ACTIVE_ARCH = YES;
				SDKROOT = iphoneos;
				SWIFT_ACTIVE_COMPILATION_CONDITIONS = DEBUG;
				SWIFT_OPTIMIZATION_LEVEL = "-Onone";
			};
			name = Debug;
		};
		368C4CEA29D9A6DC00C29C03 /* Release */ = {
			isa = XCBuildConfiguration;
			buildSettings = {
				ALWAYS_SEARCH_USER_PATHS = NO;
				CLANG_ANALYZER_NONNULL = YES;
				CLANG_ANALYZER_NUMBER_OBJECT_CONVERSION = YES_AGGRESSIVE;
				CLANG_CXX_LANGUAGE_STANDARD = "gnu++20";
				CLANG_ENABLE_MODULES = YES;
				CLANG_ENABLE_OBJC_ARC = YES;
				CLANG_ENABLE_OBJC_WEAK = YES;
				CLANG_WARN_BLOCK_CAPTURE_AUTORELEASING = YES;
				CLANG_WARN_BOOL_CONVERSION = YES;
				CLANG_WARN_COMMA = YES;
				CLANG_WARN_CONSTANT_CONVERSION = YES;
				CLANG_WARN_DEPRECATED_OBJC_IMPLEMENTATIONS = YES;
				CLANG_WARN_DIRECT_OBJC_ISA_USAGE = YES_ERROR;
				CLANG_WARN_DOCUMENTATION_COMMENTS = YES;
				CLANG_WARN_EMPTY_BODY = YES;
				CLANG_WARN_ENUM_CONVERSION = YES;
				CLANG_WARN_INFINITE_RECURSION = YES;
				CLANG_WARN_INT_CONVERSION = YES;
				CLANG_WARN_NON_LITERAL_NULL_CONVERSION = YES;
				CLANG_WARN_OBJC_IMPLICIT_RETAIN_SELF = YES;
				CLANG_WARN_OBJC_LITERAL_CONVERSION = YES;
				CLANG_WARN_OBJC_ROOT_CLASS = YES_ERROR;
				CLANG_WARN_QUOTED_INCLUDE_IN_FRAMEWORK_HEADER = YES;
				CLANG_WARN_RANGE_LOOP_ANALYSIS = YES;
				CLANG_WARN_STRICT_PROTOTYPES = YES;
				CLANG_WARN_SUSPICIOUS_MOVE = YES;
				CLANG_WARN_UNGUARDED_AVAILABILITY = YES_AGGRESSIVE;
				CLANG_WARN_UNREACHABLE_CODE = YES;
				CLANG_WARN__DUPLICATE_METHOD_MATCH = YES;
				COPY_PHASE_STRIP = NO;
				DEBUG_INFORMATION_FORMAT = "dwarf-with-dsym";
				ENABLE_NS_ASSERTIONS = NO;
				ENABLE_STRICT_OBJC_MSGSEND = YES;
				GCC_C_LANGUAGE_STANDARD = gnu11;
				GCC_NO_COMMON_BLOCKS = YES;
				GCC_WARN_64_TO_32_BIT_CONVERSION = YES;
				GCC_WARN_ABOUT_RETURN_TYPE = YES_ERROR;
				GCC_WARN_UNDECLARED_SELECTOR = YES;
				GCC_WARN_UNINITIALIZED_AUTOS = YES_AGGRESSIVE;
				GCC_WARN_UNUSED_FUNCTION = YES;
				GCC_WARN_UNUSED_VARIABLE = YES;
				IPHONEOS_DEPLOYMENT_TARGET = 16.2;
				MTL_ENABLE_DEBUG_INFO = NO;
				MTL_FAST_MATH = YES;
				SDKROOT = iphoneos;
				SWIFT_COMPILATION_MODE = wholemodule;
				SWIFT_OPTIMIZATION_LEVEL = "-O";
				VALIDATE_PRODUCT = YES;
			};
			name = Release;
		};
		368C4CEC29D9A6DC00C29C03 /* Debug */ = {
			isa = XCBuildConfiguration;
			buildSettings = {
				ASSETCATALOG_COMPILER_APPICON_NAME = AppIcon;
				ASSETCATALOG_COMPILER_GLOBAL_ACCENT_COLOR_NAME = AccentColor;
				CODE_SIGN_STYLE = Automatic;
				CURRENT_PROJECT_VERSION = 1;
				DEVELOPMENT_TEAM = YKPQ92PAK3;
				GENERATE_INFOPLIST_FILE = YES;
				INFOPLIST_FILE = SimpleLogin/Info.plist;
				INFOPLIST_KEY_CFBundleDisplayName = "Simple Login";
				INFOPLIST_KEY_UIApplicationSupportsIndirectInputEvents = YES;
				INFOPLIST_KEY_UILaunchStoryboardName = LaunchScreen;
				INFOPLIST_KEY_UISupportedInterfaceOrientations = UIInterfaceOrientationPortrait;
				LD_RUNPATH_SEARCH_PATHS = (
					"$(inherited)",
					"@executable_path/Frameworks",
				);
				MARKETING_VERSION = 1.0;
				PRODUCT_BUNDLE_IDENTIFIER = com.reynaldi.SimpleLogin;
				PRODUCT_NAME = "$(TARGET_NAME)";
				SWIFT_EMIT_LOC_STRINGS = YES;
				SWIFT_VERSION = 5.0;
				TARGETED_DEVICE_FAMILY = "1,2";
			};
			name = Debug;
		};
		368C4CED29D9A6DC00C29C03 /* Release */ = {
			isa = XCBuildConfiguration;
			buildSettings = {
				ASSETCATALOG_COMPILER_APPICON_NAME = AppIcon;
				ASSETCATALOG_COMPILER_GLOBAL_ACCENT_COLOR_NAME = AccentColor;
				CODE_SIGN_STYLE = Automatic;
				CURRENT_PROJECT_VERSION = 1;
				DEVELOPMENT_TEAM = YKPQ92PAK3;
				GENERATE_INFOPLIST_FILE = YES;
				INFOPLIST_FILE = SimpleLogin/Info.plist;
				INFOPLIST_KEY_CFBundleDisplayName = "Simple Login";
				INFOPLIST_KEY_UIApplicationSupportsIndirectInputEvents = YES;
				INFOPLIST_KEY_UILaunchStoryboardName = LaunchScreen;
				INFOPLIST_KEY_UISupportedInterfaceOrientations = UIInterfaceOrientationPortrait;
				LD_RUNPATH_SEARCH_PATHS = (
					"$(inherited)",
					"@executable_path/Frameworks",
				);
				MARKETING_VERSION = 1.0;
				PRODUCT_BUNDLE_IDENTIFIER = com.reynaldi.SimpleLogin;
				PRODUCT_NAME = "$(TARGET_NAME)";
				SWIFT_EMIT_LOC_STRINGS = YES;
				SWIFT_VERSION = 5.0;
				TARGETED_DEVICE_FAMILY = "1,2";
			};
			name = Release;
		};
/* End XCBuildConfiguration section */

/* Begin XCConfigurationList section */
		368C4CD229D9A6DA00C29C03 /* Build configuration list for PBXProject "SimpleLogin" */ = {
			isa = XCConfigurationList;
			buildConfigurations = (
				368C4CE929D9A6DC00C29C03 /* Debug */,
				368C4CEA29D9A6DC00C29C03 /* Release */,
			);
			defaultConfigurationIsVisible = 0;
			defaultConfigurationName = Release;
		};
		368C4CEB29D9A6DC00C29C03 /* Build configuration list for PBXNativeTarget "SimpleLogin" */ = {
			isa = XCConfigurationList;
			buildConfigurations = (
				368C4CEC29D9A6DC00C29C03 /* Debug */,
				368C4CED29D9A6DC00C29C03 /* Release */,
			);
			defaultConfigurationIsVisible = 0;
			defaultConfigurationName = Release;
		};
/* End XCConfigurationList section */
	};
	rootObject = 368C4CCF29D9A6DA00C29C03 /* Project object */;
}
